
Microsoft Visual Studio Solution File, Format Version 12.00
# Visual Studio Version 16
VisualStudioVersion = 16.0.32630.194
MinimumVisualStudioVersion = 10.0.40219.1
Project("{FAE04EC0-301F-11D3-BF4B-00C04F79EFBC}") = "Quizz1", "Quizz1\Quizz1.csproj", "{A640FED8-B841-4CCB-8FC4-2B58922D1852}"
EndProject
Global
	GlobalSection(SolutionConfigurationPlatforms) = preSolution
		Debug|Any CPU = Debug|Any CPU
		Release|Any CPU = Release|Any CPU
	EndGlobalSection
	GlobalSection(ProjectConfigurationPlatforms) = postSolution
		{A640FED8-B841-4CCB-8FC4-2B58922D1852}.Debug|Any CPU.ActiveCfg = Debug|Any CPU
		{A640FED8-B841-4CCB-8FC4-2B58922D1852}.Debug|Any CPU.Build.0 = Debug|Any CPU
		{A640FED8-B841-4CCB-8FC4-2B58922D1852}.Release|Any CPU.ActiveCfg = Release|Any CPU
		{A640FED8-B841-4CCB-8FC4-2B58922D1852}.Release|Any CPU.Build.0 = Release|Any CPU
	EndGlobalSection
	GlobalSection(SolutionProperties) = preSolution
		HideSolutionNode = FALSE
	EndGlobalSection
	GlobalSection(ExtensibilityGlobals) = postSolution
		SolutionGuid = {0B708DA0-F5AF-463B-AA81-63483BC66005}
	EndGlobalSection
EndGlobal
